
Microsoft Visual Studio Solution File, Format Version 12.00
# Visual Studio 15
VisualStudioVersion = 15.0.27130.0
MinimumVisualStudioVersion = 10.0.40219.1
Project("{FAE04EC0-301F-11D3-BF4B-00C04F79EFBC}") = "MyDict.Admin", "MyDict.Admin\MyDict.Admin.csproj", "{EF68BC7D-2113-4FC1-AC70-623216D25D56}"
EndProject
Global
	GlobalSection(SolutionConfigurationPlatforms) = preSolution
		Debug|Any CPU = Debug|Any CPU
		Release|Any CPU = Release|Any CPU
	EndGlobalSection
	GlobalSection(ProjectConfigurationPlatforms) = postSolution
		{EF68BC7D-2113-4FC1-AC70-623216D25D56}.Debug|Any CPU.ActiveCfg = Debug|Any CPU
		{EF68BC7D-2113-4FC1-AC70-623216D25D56}.Debug|Any CPU.Build.0 = Debug|Any CPU
		{EF68BC7D-2113-4FC1-AC70-623216D25D56}.Release|Any CPU.ActiveCfg = Release|Any CPU
		{EF68BC7D-2113-4FC1-AC70-623216D25D56}.Release|Any CPU.Build.0 = Release|Any CPU
	EndGlobalSection
	GlobalSection(SolutionProperties) = preSolution
		HideSolutionNode = FALSE
	EndGlobalSection
	GlobalSection(ExtensibilityGlobals) = postSolution
		SolutionGuid = {0334B808-7E4C-4D49-9196-2AB55CB6F0FC}
	EndGlobalSection
EndGlobal
